
Microsoft Visual Studio Solution File, Format Version 12.00
# Visual Studio Version 16
VisualStudioVersion = 16.0.29920.165
MinimumVisualStudioVersion = 10.0.40219.1
Project("{FAE04EC0-301F-11D3-BF4B-00C04F79EFBC}") = "MessangerClient", "MessangerClient\MessangerClient.csproj", "{574FDD23-2B55-4FB0-A69E-99F8F85CBA9B}"
EndProject
Project("{FAE04EC0-301F-11D3-BF4B-00C04F79EFBC}") = "MessangerWebApi", "MessangerWebApi\MessangerWebApi.csproj", "{682F2D4A-7FA8-4C6D-8BB8-2328B601CD96}"
EndProject
Global
	GlobalSection(SolutionConfigurationPlatforms) = preSolution
		Debug|Any CPU = Debug|Any CPU
		Release|Any CPU = Release|Any CPU
	EndGlobalSection
	GlobalSection(ProjectConfigurationPlatforms) = postSolution
		{574FDD23-2B55-4FB0-A69E-99F8F85CBA9B}.Debug|Any CPU.ActiveCfg = Debug|Any CPU
		{574FDD23-2B55-4FB0-A69E-99F8F85CBA9B}.Debug|Any CPU.Build.0 = Debug|Any CPU
		{574FDD23-2B55-4FB0-A69E-99F8F85CBA9B}.Release|Any CPU.ActiveCfg = Release|Any CPU
		{574FDD23-2B55-4FB0-A69E-99F8F85CBA9B}.Release|Any CPU.Build.0 = Release|Any CPU
		{682F2D4A-7FA8-4C6D-8BB8-2328B601CD96}.Debug|Any CPU.ActiveCfg = Debug|Any CPU
		{682F2D4A-7FA8-4C6D-8BB8-2328B601CD96}.Debug|Any CPU.Build.0 = Debug|Any CPU
		{682F2D4A-7FA8-4C6D-8BB8-2328B601CD96}.Release|Any CPU.ActiveCfg = Release|Any CPU
		{682F2D4A-7FA8-4C6D-8BB8-2328B601CD96}.Release|Any CPU.Build.0 = Release|Any CPU
	EndGlobalSection
	GlobalSection(SolutionProperties) = preSolution
		HideSolutionNode = FALSE
	EndGlobalSection
	GlobalSection(ExtensibilityGlobals) = postSolution
		SolutionGuid = {CFA34678-5051-43BF-85F3-4E2FD03EBB2E}
	EndGlobalSection
EndGlobal
